
Microsoft Visual Studio Solution File, Format Version 12.00
# Visual Studio 15
VisualStudioVersion = 15.0.27703.2035
MinimumVisualStudioVersion = 10.0.40219.1
Project("{FAE04EC0-301F-11D3-BF4B-00C04F79EFBC}") = "PracWebApp", "PracWebApp\PracWebApp.csproj", "{0661915E-11F5-4365-8E57-17198D41B36D}"
EndProject
Global
	GlobalSection(SolutionConfigurationPlatforms) = preSolution
		Debug|Any CPU = Debug|Any CPU
		Release|Any CPU = Release|Any CPU
	EndGlobalSection
	GlobalSection(ProjectConfigurationPlatforms) = postSolution
		{0661915E-11F5-4365-8E57-17198D41B36D}.Debug|Any CPU.ActiveCfg = Debug|Any CPU
		{0661915E-11F5-4365-8E57-17198D41B36D}.Debug|Any CPU.Build.0 = Debug|Any CPU
		{0661915E-11F5-4365-8E57-17198D41B36D}.Release|Any CPU.ActiveCfg = Release|Any CPU
		{0661915E-11F5-4365-8E57-17198D41B36D}.Release|Any CPU.Build.0 = Release|Any CPU
	EndGlobalSection
	GlobalSection(SolutionProperties) = preSolution
		HideSolutionNode = FALSE
	EndGlobalSection
	GlobalSection(ExtensibilityGlobals) = postSolution
		SolutionGuid = {AC2D3215-BE6D-4910-BB62-6145289B77D4}
	EndGlobalSection
EndGlobal
